
Microsoft Visual Studio Solution File, Format Version 12.00
# Visual Studio Version 17
VisualStudioVersion = 17.9.34622.214
MinimumVisualStudioVersion = 10.0.40219.1
Project("{FAE04EC0-301F-11D3-BF4B-00C04F79EFBC}") = "MiniConsoleApp", "MiniConsoleApp.csproj", "{C1898274-EFB0-4229-A981-62365894466A}"
EndProject
Global
	GlobalSection(SolutionConfigurationPlatforms) = preSolution
		Debug|Any CPU = Debug|Any CPU
		Release|Any CPU = Release|Any CPU
	EndGlobalSection
	GlobalSection(ProjectConfigurationPlatforms) = postSolution
		{C1898274-EFB0-4229-A981-62365894466A}.Debug|Any CPU.ActiveCfg = Debug|Any CPU
		{C1898274-EFB0-4229-A981-62365894466A}.Debug|Any CPU.Build.0 = Debug|Any CPU
		{C1898274-EFB0-4229-A981-62365894466A}.Release|Any CPU.ActiveCfg = Release|Any CPU
		{C1898274-EFB0-4229-A981-62365894466A}.Release|Any CPU.Build.0 = Release|Any CPU
	EndGlobalSection
	GlobalSection(SolutionProperties) = preSolution
		HideSolutionNode = FALSE
	EndGlobalSection
	GlobalSection(ExtensibilityGlobals) = postSolution
		SolutionGuid = {88BB8F44-8D1F-4ED8-931E-480D57D9EBCD}
	EndGlobalSection
EndGlobal
